
Microsoft Visual Studio Solution File, Format Version 12.00
# Visual Studio Version 17
VisualStudioVersion = 17.6.33829.357
MinimumVisualStudioVersion = 10.0.40219.1
Project("{FAE04EC0-301F-11D3-BF4B-00C04F79EFBC}") = "PacemakerStager", "PacemakerStager\PacemakerStager.csproj", "{088E8FE3-6D56-4E80-94BD-0551B8923F53}"
EndProject
Global
	GlobalSection(SolutionConfigurationPlatforms) = preSolution
		Debug|Any CPU = Debug|Any CPU
		Release|Any CPU = Release|Any CPU
	EndGlobalSection
	GlobalSection(ProjectConfigurationPlatforms) = postSolution
		{088E8FE3-6D56-4E80-94BD-0551B8923F53}.Debug|Any CPU.ActiveCfg = Debug|Any CPU
		{088E8FE3-6D56-4E80-94BD-0551B8923F53}.Debug|Any CPU.Build.0 = Debug|Any CPU
		{088E8FE3-6D56-4E80-94BD-0551B8923F53}.Release|Any CPU.ActiveCfg = Release|Any CPU
		{088E8FE3-6D56-4E80-94BD-0551B8923F53}.Release|Any CPU.Build.0 = Release|Any CPU
	EndGlobalSection
	GlobalSection(SolutionProperties) = preSolution
		HideSolutionNode = FALSE
	EndGlobalSection
	GlobalSection(ExtensibilityGlobals) = postSolution
		SolutionGuid = {31499360-1BCA-4EE7-88EB-AFCB5BEB604F}
	EndGlobalSection
EndGlobal
